
Microsoft Visual Studio Solution File, Format Version 12.00
# Visual Studio Version 17
VisualStudioVersion = 17.11.35312.102
MinimumVisualStudioVersion = 10.0.40219.1
Project("{FAE04EC0-301F-11D3-BF4B-00C04F79EFBC}") = "EAD_Backend", "EAD_Backend\EAD_Backend.csproj", "{2BCB4BB8-87E7-43F5-A1BC-FA92B5984BDA}"
EndProject
Global
	GlobalSection(SolutionConfigurationPlatforms) = preSolution
		Debug|Any CPU = Debug|Any CPU
		Release|Any CPU = Release|Any CPU
	EndGlobalSection
	GlobalSection(ProjectConfigurationPlatforms) = postSolution
		{2BCB4BB8-87E7-43F5-A1BC-FA92B5984BDA}.Debug|Any CPU.ActiveCfg = Debug|Any CPU
		{2BCB4BB8-87E7-43F5-A1BC-FA92B5984BDA}.Debug|Any CPU.Build.0 = Debug|Any CPU
		{2BCB4BB8-87E7-43F5-A1BC-FA92B5984BDA}.Release|Any CPU.ActiveCfg = Release|Any CPU
		{2BCB4BB8-87E7-43F5-A1BC-FA92B5984BDA}.Release|Any CPU.Build.0 = Release|Any CPU
	EndGlobalSection
	GlobalSection(SolutionProperties) = preSolution
		HideSolutionNode = FALSE
	EndGlobalSection
	GlobalSection(ExtensibilityGlobals) = postSolution
		SolutionGuid = {0C53E3DB-9C7D-45EB-8181-0B681B29F24E}
	EndGlobalSection
EndGlobal
